
Microsoft Visual Studio Solution File, Format Version 12.00
# Visual Studio Version 16
VisualStudioVersion = 16.0.31613.86
MinimumVisualStudioVersion = 10.0.40219.1
Project("{FAE04EC0-301F-11D3-BF4B-00C04F79EFBC}") = "MyWebsite", "MyWebsite\MyWebsite.csproj", "{66ABC842-FC80-4DFC-9D4A-A7E3C267537F}"
EndProject
Global
	GlobalSection(SolutionConfigurationPlatforms) = preSolution
		Debug|Any CPU = Debug|Any CPU
		Release|Any CPU = Release|Any CPU
	EndGlobalSection
	GlobalSection(ProjectConfigurationPlatforms) = postSolution
		{66ABC842-FC80-4DFC-9D4A-A7E3C267537F}.Debug|Any CPU.ActiveCfg = Debug|Any CPU
		{66ABC842-FC80-4DFC-9D4A-A7E3C267537F}.Debug|Any CPU.Build.0 = Debug|Any CPU
		{66ABC842-FC80-4DFC-9D4A-A7E3C267537F}.Release|Any CPU.ActiveCfg = Release|Any CPU
		{66ABC842-FC80-4DFC-9D4A-A7E3C267537F}.Release|Any CPU.Build.0 = Release|Any CPU
	EndGlobalSection
	GlobalSection(SolutionProperties) = preSolution
		HideSolutionNode = FALSE
	EndGlobalSection
	GlobalSection(ExtensibilityGlobals) = postSolution
		SolutionGuid = {7480DC03-4C47-4B7B-B422-D9957F7E49F9}
	EndGlobalSection
EndGlobal
